
Microsoft Visual Studio Solution File, Format Version 12.00
# Visual Studio Version 17
VisualStudioVersion = 17.2.32505.173
MinimumVisualStudioVersion = 10.0.40219.1
Project("{FAE04EC0-301F-11D3-BF4B-00C04F79EFBC}") = "SlidingPuzzle.Server", "..\SlidingPuzzle\Server\SlidingPuzzle.Server.csproj", "{92667D4A-C2E5-4D31-A036-65A9D5266F9F}"
EndProject
Project("{FAE04EC0-301F-11D3-BF4B-00C04F79EFBC}") = "SlidingPuzzle.Client", "..\SlidingPuzzle\Client\SlidingPuzzle.Client.csproj", "{76CBEECE-CF63-4E98-AC57-9FBF87ECA536}"
EndProject
Project("{FAE04EC0-301F-11D3-BF4B-00C04F79EFBC}") = "SlidingPuzzle.Shared", "..\SlidingPuzzle\Shared\SlidingPuzzle.Shared.csproj", "{D6A8DD24-56C0-4BBC-849D-ECA58DEBCF23}"
EndProject
Global
	GlobalSection(SolutionConfigurationPlatforms) = preSolution
		Debug|Any CPU = Debug|Any CPU
		Release|Any CPU = Release|Any CPU
	EndGlobalSection
	GlobalSection(ProjectConfigurationPlatforms) = postSolution
		{92667D4A-C2E5-4D31-A036-65A9D5266F9F}.Debug|Any CPU.ActiveCfg = Debug|Any CPU
		{92667D4A-C2E5-4D31-A036-65A9D5266F9F}.Debug|Any CPU.Build.0 = Debug|Any CPU
		{92667D4A-C2E5-4D31-A036-65A9D5266F9F}.Release|Any CPU.ActiveCfg = Release|Any CPU
		{92667D4A-C2E5-4D31-A036-65A9D5266F9F}.Release|Any CPU.Build.0 = Release|Any CPU
		{76CBEECE-CF63-4E98-AC57-9FBF87ECA536}.Debug|Any CPU.ActiveCfg = Debug|Any CPU
		{76CBEECE-CF63-4E98-AC57-9FBF87ECA536}.Debug|Any CPU.Build.0 = Debug|Any CPU
		{76CBEECE-CF63-4E98-AC57-9FBF87ECA536}.Release|Any CPU.ActiveCfg = Release|Any CPU
		{76CBEECE-CF63-4E98-AC57-9FBF87ECA536}.Release|Any CPU.Build.0 = Release|Any CPU
		{D6A8DD24-56C0-4BBC-849D-ECA58DEBCF23}.Debug|Any CPU.ActiveCfg = Debug|Any CPU
		{D6A8DD24-56C0-4BBC-849D-ECA58DEBCF23}.Debug|Any CPU.Build.0 = Debug|Any CPU
		{D6A8DD24-56C0-4BBC-849D-ECA58DEBCF23}.Release|Any CPU.ActiveCfg = Release|Any CPU
		{D6A8DD24-56C0-4BBC-849D-ECA58DEBCF23}.Release|Any CPU.Build.0 = Release|Any CPU
	EndGlobalSection
	GlobalSection(SolutionProperties) = preSolution
		HideSolutionNode = FALSE
	EndGlobalSection
	GlobalSection(ExtensibilityGlobals) = postSolution
		SolutionGuid = {BA2CE02C-A3EC-42E6-89B9-A8B8BE4C00C6}
	EndGlobalSection
EndGlobal
